
Microsoft Visual Studio Solution File, Format Version 12.00
# Visual Studio Version 17
VisualStudioVersion = 17.1.32407.343
MinimumVisualStudioVersion = 10.0.40219.1
Project("{FAE04EC0-301F-11D3-BF4B-00C04F79EFBC}") = "ConsoleApp1", "ConsoleApp1.csproj", "{978349CC-51A9-4F7F-84B2-89F3FF39C22D}"
EndProject
Global
	GlobalSection(SolutionConfigurationPlatforms) = preSolution
		Debug|Any CPU = Debug|Any CPU
		Release|Any CPU = Release|Any CPU
	EndGlobalSection
	GlobalSection(ProjectConfigurationPlatforms) = postSolution
		{978349CC-51A9-4F7F-84B2-89F3FF39C22D}.Debug|Any CPU.ActiveCfg = Debug|Any CPU
		{978349CC-51A9-4F7F-84B2-89F3FF39C22D}.Debug|Any CPU.Build.0 = Debug|Any CPU
		{978349CC-51A9-4F7F-84B2-89F3FF39C22D}.Release|Any CPU.ActiveCfg = Release|Any CPU
		{978349CC-51A9-4F7F-84B2-89F3FF39C22D}.Release|Any CPU.Build.0 = Release|Any CPU
	EndGlobalSection
	GlobalSection(SolutionProperties) = preSolution
		HideSolutionNode = FALSE
	EndGlobalSection
	GlobalSection(ExtensibilityGlobals) = postSolution
		SolutionGuid = {5E61F101-5E00-4359-AD42-20003679FB9A}
	EndGlobalSection
EndGlobal
